
Microsoft Visual Studio Solution File, Format Version 12.00
# Visual Studio Version 17
VisualStudioVersion = 17.12.35707.178
MinimumVisualStudioVersion = 10.0.40219.1
Project("{2150E333-8FDC-42A3-9474-1A3956D46DE8}") = "src", "src", "{D2E1A38C-7E29-42D5-B116-5CCCE3FE21C4}"
EndProject
Project("{FAE04EC0-301F-11D3-BF4B-00C04F79EFBC}") = "Domain", "Domain\Domain.csproj", "{92710EE5-0E1F-43AC-A1C8-E3EF2E0D523D}"
EndProject
Project("{FAE04EC0-301F-11D3-BF4B-00C04F79EFBC}") = "Infrastructure", "Infrastructure\Infrastructure.csproj", "{D86F4D6F-59C4-4781-B4EF-53186EE87A3F}"
EndProject
Project("{FAE04EC0-301F-11D3-BF4B-00C04F79EFBC}") = "Application", "Application\Application.csproj", "{5722CB74-135F-4FCE-841C-2A1B2BD7813A}"
EndProject
Project("{FAE04EC0-301F-11D3-BF4B-00C04F79EFBC}") = "WebMVC", "WebMVC\WebMVC.csproj", "{1AD7FF95-77AF-4BC8-9158-15126F0E96BB}"
EndProject
Project("{2150E333-8FDC-42A3-9474-1A3956D46DE8}") = "Tests", "Tests", "{1D116F51-B12F-4A29-9E7B-3E1483E1CCEE}"
EndProject
Project("{FAE04EC0-301F-11D3-BF4B-00C04F79EFBC}") = "UnitTests", "UnitTests\UnitTests.csproj", "{46DEFA2F-3EE1-4EE9-95BE-95C45B14B523}"
EndProject
Project("{FAE04EC0-301F-11D3-BF4B-00C04F79EFBC}") = "IntegrationTests", "IntegrationTests\IntegrationTests.csproj", "{125F9C53-A870-47AB-834F-0BFD409E7D71}"
EndProject
Global
	GlobalSection(SolutionConfigurationPlatforms) = preSolution
		Debug|Any CPU = Debug|Any CPU
		Release|Any CPU = Release|Any CPU
	EndGlobalSection
	GlobalSection(ProjectConfigurationPlatforms) = postSolution
		{92710EE5-0E1F-43AC-A1C8-E3EF2E0D523D}.Debug|Any CPU.ActiveCfg = Debug|Any CPU
		{92710EE5-0E1F-43AC-A1C8-E3EF2E0D523D}.Debug|Any CPU.Build.0 = Debug|Any CPU
		{92710EE5-0E1F-43AC-A1C8-E3EF2E0D523D}.Release|Any CPU.ActiveCfg = Release|Any CPU
		{92710EE5-0E1F-43AC-A1C8-E3EF2E0D523D}.Release|Any CPU.Build.0 = Release|Any CPU
		{D86F4D6F-59C4-4781-B4EF-53186EE87A3F}.Debug|Any CPU.ActiveCfg = Debug|Any CPU
		{D86F4D6F-59C4-4781-B4EF-53186EE87A3F}.Debug|Any CPU.Build.0 = Debug|Any CPU
		{D86F4D6F-59C4-4781-B4EF-53186EE87A3F}.Release|Any CPU.ActiveCfg = Release|Any CPU
		{D86F4D6F-59C4-4781-B4EF-53186EE87A3F}.Release|Any CPU.Build.0 = Release|Any CPU
		{5722CB74-135F-4FCE-841C-2A1B2BD7813A}.Debug|Any CPU.ActiveCfg = Debug|Any CPU
		{5722CB74-135F-4FCE-841C-2A1B2BD7813A}.Debug|Any CPU.Build.0 = Debug|Any CPU
		{5722CB74-135F-4FCE-841C-2A1B2BD7813A}.Release|Any CPU.ActiveCfg = Release|Any CPU
		{5722CB74-135F-4FCE-841C-2A1B2BD7813A}.Release|Any CPU.Build.0 = Release|Any CPU
		{1AD7FF95-77AF-4BC8-9158-15126F0E96BB}.Debug|Any CPU.ActiveCfg = Debug|Any CPU
		{1AD7FF95-77AF-4BC8-9158-15126F0E96BB}.Debug|Any CPU.Build.0 = Debug|Any CPU
		{1AD7FF95-77AF-4BC8-9158-15126F0E96BB}.Release|Any CPU.ActiveCfg = Release|Any CPU
		{1AD7FF95-77AF-4BC8-9158-15126F0E96BB}.Release|Any CPU.Build.0 = Release|Any CPU
		{46DEFA2F-3EE1-4EE9-95BE-95C45B14B523}.Debug|Any CPU.ActiveCfg = Debug|Any CPU
		{46DEFA2F-3EE1-4EE9-95BE-95C45B14B523}.Debug|Any CPU.Build.0 = Debug|Any CPU
		{46DEFA2F-3EE1-4EE9-95BE-95C45B14B523}.Release|Any CPU.ActiveCfg = Release|Any CPU
		{46DEFA2F-3EE1-4EE9-95BE-95C45B14B523}.Release|Any CPU.Build.0 = Release|Any CPU
		{125F9C53-A870-47AB-834F-0BFD409E7D71}.Debug|Any CPU.ActiveCfg = Debug|Any CPU
		{125F9C53-A870-47AB-834F-0BFD409E7D71}.Debug|Any CPU.Build.0 = Debug|Any CPU
		{125F9C53-A870-47AB-834F-0BFD409E7D71}.Release|Any CPU.ActiveCfg = Release|Any CPU
		{125F9C53-A870-47AB-834F-0BFD409E7D71}.Release|Any CPU.Build.0 = Release|Any CPU
	EndGlobalSection
	GlobalSection(SolutionProperties) = preSolution
		HideSolutionNode = FALSE
	EndGlobalSection
	GlobalSection(NestedProjects) = preSolution
		{92710EE5-0E1F-43AC-A1C8-E3EF2E0D523D} = {D2E1A38C-7E29-42D5-B116-5CCCE3FE21C4}
		{D86F4D6F-59C4-4781-B4EF-53186EE87A3F} = {D2E1A38C-7E29-42D5-B116-5CCCE3FE21C4}
		{5722CB74-135F-4FCE-841C-2A1B2BD7813A} = {D2E1A38C-7E29-42D5-B116-5CCCE3FE21C4}
		{1AD7FF95-77AF-4BC8-9158-15126F0E96BB} = {D2E1A38C-7E29-42D5-B116-5CCCE3FE21C4}
		{46DEFA2F-3EE1-4EE9-95BE-95C45B14B523} = {1D116F51-B12F-4A29-9E7B-3E1483E1CCEE}
		{125F9C53-A870-47AB-834F-0BFD409E7D71} = {1D116F51-B12F-4A29-9E7B-3E1483E1CCEE}
	EndGlobalSection
EndGlobal
